// !$*UTF8*$!
{
	archiveVersion = 1;
	classes = {
	};
	objectVersion = 46;
	objects = {

/* Begin PBXBuildFile section */
		B80B5A8D7F1F1ED668E04562 /* Pods_CartographyDemos.framework in Frameworks */ = {isa = PBXBuildFile; fileRef = 495E45B0B46A3622E4475EDF /* Pods_CartographyDemos.framework */; };
		C9D9AEA61E6834AE008C5067 /* AppDelegate.swift in Sources */ = {isa = PBXBuildFile; fileRef = C9D9AEA51E6834AE008C5067 /* AppDelegate.swift */; };
		C9D9AEA81E6834AE008C5067 /* ViewController.swift in Sources */ = {isa = PBXBuildFile; fileRef = C9D9AEA71E6834AE008C5067 /* ViewController.swift */; };
		C9D9AEAB1E6834AE008C5067 /* Main.storyboard in Resources */ = {isa = PBXBuildFile; fileRef = C9D9AEA91E6834AE008C5067 /* Main.storyboard */; };
		C9D9AEAD1E6834AE008C5067 /* Assets.xcassets in Resources */ = {isa = PBXBuildFile; fileRef = C9D9AEAC1E6834AE008C5067 /* Assets.xcassets */; };
		C9D9AEB01E6834AE008C5067 /* LaunchScreen.storyboard in Resources */ = {isa = PBXBuildFile; fileRef = C9D9AEAE1E6834AE008C5067 /* LaunchScreen.storyboard */; };
		C9D9AEB81E683761008C5067 /* CenterVIewController.swift in Sources */ = {isa = PBXBuildFile; fileRef = C9D9AEB71E683761008C5067 /* CenterVIewController.swift */; };
		C9D9AEBA1E683C39008C5067 /* InsetViewController.swift in Sources */ = {isa = PBXBuildFile; fileRef = C9D9AEB91E683C39008C5067 /* InsetViewController.swift */; };
		C9DB65161E68CA3A00BB6637 /* AligningAndDistributingViewController.swift in Sources */ = {isa = PBXBuildFile; fileRef = C9DB65151E68CA3A00BB6637 /* AligningAndDistributingViewController.swift */; };
/* End PBXBuildFile section */

/* Begin PBXFileReference section */
		1B26184F95EE897AF285E298 /* Pods-CartographyDemos.debug.xcconfig */ = {isa = PBXFileReference; includeInIndex = 1; lastKnownFileType = text.xcconfig; name = "Pods-CartographyDemos.debug.xcconfig"; path = "Pods/Target Support Files/Pods-CartographyDemos/Pods-CartographyDemos.debug.xcconfig"; sourceTree = "<group>"; };
		495E45B0B46A3622E4475EDF /* Pods_CartographyDemos.framework */ = {isa = PBXFileReference; explicitFileType = wrapper.framework; includeInIndex = 0; path = Pods_CartographyDemos.framework; sourceTree = BUILT_PRODUCTS_DIR; };
		A12228D47C236888D71252E5 /* Pods-CartographyDemos.release.xcconfig */ = {isa = PBXFileReference; includeInIndex = 1; lastKnownFileType = text.xcconfig; name = "Pods-CartographyDemos.release.xcconfig"; path = "Pods/Target Support Files/Pods-CartographyDemos/Pods-CartographyDemos.release.xcconfig"; sourceTree = "<group>"; };
		C9D9AEA21E6834AE008C5067 /* CartographyDemos.app */ = {isa = PBXFileReference; explicitFileType = wrapper.application; includeInIndex = 0; path = CartographyDemos.app; sourceTree = BUILT_PRODUCTS_DIR; };
		C9D9AEA51E6834AE008C5067 /* AppDelegate.swift */ = {isa = PBXFileReference; lastKnownFileType = sourcecode.swift; path = AppDelegate.swift; sourceTree = "<group>"; };
		C9D9AEA71E6834AE008C5067 /* ViewController.swift */ = {isa = PBXFileReference; lastKnownFileType = sourcecode.swift; path = ViewController.swift; sourceTree = "<group>"; };
		C9D9AEAA1E6834AE008C5067 /* Base */ = {isa = PBXFileReference; lastKnownFileType = file.storyboard; name = Base; path = Base.lproj/Main.storyboard; sourceTree = "<group>"; };
		C9D9AEAC1E6834AE008C5067 /* Assets.xcassets */ = {isa = PBXFileReference; lastKnownFileType = folder.assetcatalog; path = Assets.xcassets; sourceTree = "<group>"; };
		C9D9AEAF1E6834AE008C5067 /* Base */ = {isa = PBXFileReference; lastKnownFileType = file.storyboard; name = Base; path = Base.lproj/LaunchScreen.storyboard; sourceTree = "<group>"; };
		C9D9AEB11E6834AE008C5067 /* Info.plist */ = {isa = PBXFileReference; lastKnownFileType = text.plist.xml; path = Info.plist; sourceTree = "<group>"; };
		C9D9AEB71E683761008C5067 /* CenterVIewController.swift */ = {isa = PBXFileReference; fileEncoding = 4; lastKnownFileType = sourcecode.swift; path = CenterVIewController.swift; sourceTree = "<group>"; };
		C9D9AEB91E683C39008C5067 /* InsetViewController.swift */ = {isa = PBXFileReference; fileEncoding = 4; lastKnownFileType = sourcecode.swift; path = InsetViewController.swift; sourceTree = "<group>"; };
		C9DB65151E68CA3A00BB6637 /* AligningAndDistributingViewController.swift */ = {isa = PBXFileReference; fileEncoding = 4; lastKnownFileType = sourcecode.swift; path = AligningAndDistributingViewController.swift; sourceTree = "<group>"; };
/* End PBXFileReference section */

/* Begin PBXFrameworksBuildPhase section */
		C9D9AE9F1E6834AE008C5067 /* Frameworks */ = {
			isa = PBXFrameworksBuildPhase;
			buildActionMask = 2147483647;
			files = (
				B80B5A8D7F1F1ED668E04562 /* Pods_CartographyDemos.framework in Frameworks */,
			);
			runOnlyForDeploymentPostprocessing = 0;
		};
/* End PBXFrameworksBuildPhase section */

/* Begin PBXGroup section */
		B606605964580896D7E22DBA /* Frameworks */ = {
			isa = PBXGroup;
			children = (
				495E45B0B46A3622E4475EDF /* Pods_CartographyDemos.framework */,
			);
			name = Frameworks;
			sourceTree = "<group>";
		};
		BF2C408C80DA38CB381ED8E0 /* Pods */ = {
			isa = PBXGroup;
			children = (
				1B26184F95EE897AF285E298 /* Pods-CartographyDemos.debug.xcconfig */,
				A12228D47C236888D71252E5 /* Pods-CartographyDemos.release.xcconfig */,
			);
			name = Pods;
			sourceTree = "<group>";
		};
		C9D9AE991E6834AE008C5067 = {
			isa = PBXGroup;
			children = (
				C9D9AEA41E6834AE008C5067 /* CartographyDemos */,
				C9D9AEA31E6834AE008C5067 /* Products */,
				BF2C408C80DA38CB381ED8E0 /* Pods */,
				B606605964580896D7E22DBA /* Frameworks */,
			);
			sourceTree = "<group>";
		};
		C9D9AEA31E6834AE008C5067 /* Products */ = {
			isa = PBXGroup;
			children = (
				C9D9AEA21E6834AE008C5067 /* CartographyDemos.app */,
			);
			name = Products;
			sourceTree = "<group>";
		};
		C9D9AEA41E6834AE008C5067 /* CartographyDemos */ = {
			isa = PBXGroup;
			children = (
				C9D9AEA51E6834AE008C5067 /* AppDelegate.swift */,
				C9D9AEA71E6834AE008C5067 /* ViewController.swift */,
				C9D9AEA91E6834AE008C5067 /* Main.storyboard */,
				C9D9AEAC1E6834AE008C5067 /* Assets.xcassets */,
				C9D9AEAE1E6834AE008C5067 /* LaunchScreen.storyboard */,
				C9D9AEB11E6834AE008C5067 /* Info.plist */,
				C9D9AEB71E683761008C5067 /* CenterVIewController.swift */,
				C9D9AEB91E683C39008C5067 /* InsetViewController.swift */,
				C9DB65151E68CA3A00BB6637 /* AligningAndDistributingViewController.swift */,
			);
			path = CartographyDemos;
			sourceTree = "<group>";
		};
/* End PBXGroup section */

/* Begin PBXNativeTarget section */
		C9D9AEA11E6834AE008C5067 /* CartographyDemos */ = {
			isa = PBXNativeTarget;
			buildConfigurationList = C9D9AEB41E6834AE008C5067 /* Build configuration list for PBXNativeTarget "CartographyDemos" */;
			buildPhases = (
				6E507634363E9B465469FC86 /* [CP] Check Pods Manifest.lock */,
				C9D9AE9E1E6834AE008C5067 /* Sources */,
				C9D9AE9F1E6834AE008C5067 /* Frameworks */,
				C9D9AEA01E6834AE008C5067 /* Resources */,
				7E09F932F89F410D5F91ED2C /* [CP] Embed Pods Frameworks */,
				8A1841EC925A40CBC6A29C51 /* [CP] Copy Pods Resources */,
			);
			buildRules = (
			);
			dependencies = (
			);
			name = CartographyDemos;
			productName = CartographyDemos;
			productReference = C9D9AEA21E6834AE008C5067 /* CartographyDemos.app */;
			productType = "com.apple.product-type.application";
		};
/* End PBXNativeTarget section */

/* Begin PBXProject section */
		C9D9AE9A1E6834AE008C5067 /* Project object */ = {
			isa = PBXProject;
			attributes = {
				LastSwiftUpdateCheck = 0820;
				LastUpgradeCheck = 0820;
				ORGANIZATIONNAME = shingohry;
				TargetAttributes = {
					C9D9AEA11E6834AE008C5067 = {
						CreatedOnToolsVersion = 8.2.1;
						DevelopmentTeam = R6USV66H63;
						ProvisioningStyle = Automatic;
					};
				};
			};
			buildConfigurationList = C9D9AE9D1E6834AE008C5067 /* Build configuration list for PBXProject "CartographyDemos" */;
			compatibilityVersion = "Xcode 3.2";
			developmentRegion = English;
			hasScannedForEncodings = 0;
			knownRegions = (
				en,
				Base,
			);
			mainGroup = C9D9AE991E6834AE008C5067;
			productRefGroup = C9D9AEA31E6834AE008C5067 /* Products */;
			projectDirPath = "";
			projectRoot = "";
			targets = (
				C9D9AEA11E6834AE008C5067 /* CartographyDemos */,
			);
		};
/* End PBXProject section */

/* Begin PBXResourcesBuildPhase section */
		C9D9AEA01E6834AE008C5067 /* Resources */ = {
			isa = PBXResourcesBuildPhase;
			buildActionMask = 2147483647;
			files = (
				C9D9AEB01E6834AE008C5067 /* LaunchScreen.storyboard in Resources */,
				C9D9AEAD1E6834AE008C5067 /* Assets.xcassets in Resources */,
				C9D9AEAB1E6834AE008C5067 /* Main.storyboard in Resources */,
			);
			runOnlyForDeploymentPostprocessing = 0;
		};
/* End PBXResourcesBuildPhase section */

/* Begin PBXShellScriptBuildPhase section */
		6E507634363E9B465469FC86 /* [CP] Check Pods Manifest.lock */ = {
			isa = PBXShellScriptBuildPhase;
			buildActionMask = 2147483647;
			files = (
			);
			inputPaths = (
			);
			name = "[CP] Check Pods Manifest.lock";
			outputPaths = (
			);
			runOnlyForDeploymentPostprocessing = 0;
			shellPath = /bin/sh;
			shellScript = "diff \"${PODS_ROOT}/../Podfile.lock\" \"${PODS_ROOT}/Manifest.lock\" > /dev/null\nif [ $? != 0 ] ; then\n    # print error to STDERR\n    echo \"error: The sandbox is not in sync with the Podfile.lock. Run 'pod install' or update your CocoaPods installation.\" >&2\n    exit 1\nfi\n";
			showEnvVarsInLog = 0;
		};
		7E09F932F89F410D5F91ED2C /* [CP] Embed Pods Frameworks */ = {
			isa = PBXShellScriptBuildPhase;
			buildActionMask = 2147483647;
			files = (
			);
			inputPaths = (
			);
			name = "[CP] Embed Pods Frameworks";
			outputPaths = (
			);
			runOnlyForDeploymentPostprocessing = 0;
			shellPath = /bin/sh;
			shellScript = "\"${SRCROOT}/Pods/Target Support Files/Pods-CartographyDemos/Pods-CartographyDemos-frameworks.sh\"\n";
			showEnvVarsInLog = 0;
		};
		8A1841EC925A40CBC6A29C51 /* [CP] Copy Pods Resources */ = {
			isa = PBXShellScriptBuildPhase;
			buildActionMask = 2147483647;
			files = (
			);
			inputPaths = (
			);
			name = "[CP] Copy Pods Resources";
			outputPaths = (
			);
			runOnlyForDeploymentPostprocessing = 0;
			shellPath = /bin/sh;
			shellScript = "\"${SRCROOT}/Pods/Target Support Files/Pods-CartographyDemos/Pods-CartographyDemos-resources.sh\"\n";
			showEnvVarsInLog = 0;
		};
/* End PBXShellScriptBuildPhase section */

/* Begin PBXSourcesBuildPhase section */
		C9D9AE9E1E6834AE008C5067 /* Sources */ = {
			isa = PBXSourcesBuildPhase;
			buildActionMask = 2147483647;
			files = (
				C9D9AEB81E683761008C5067 /* CenterVIewController.swift in Sources */,
				C9D9AEA81E6834AE008C5067 /* ViewController.swift in Sources */,
				C9D9AEBA1E683C39008C5067 /* InsetViewController.swift in Sources */,
				C9DB65161E68CA3A00BB6637 /* AligningAndDistributingViewController.swift in Sources */,
				C9D9AEA61E6834AE008C5067 /* AppDelegate.swift in Sources */,
			);
			runOnlyForDeploymentPostprocessing = 0;
		};
/* End PBXSourcesBuildPhase section */

/* Begin PBXVariantGroup section */
		C9D9AEA91E6834AE008C5067 /* Main.storyboard */ = {
			isa = PBXVariantGroup;
			children = (
				C9D9AEAA1E6834AE008C5067 /* Base */,
			);
			name = Main.storyboard;
			sourceTree = "<group>";
		};
		C9D9AEAE1E6834AE008C5067 /* LaunchScreen.storyboard */ = {
			isa = PBXVariantGroup;
			children = (
				C9D9AEAF1E6834AE008C5067 /* Base */,
			);
			name = LaunchScreen.storyboard;
			sourceTree = "<group>";
		};
/* End PBXVariantGroup section */

/* Begin XCBuildConfiguration section */
		C9D9AEB21E6834AE008C5067 /* Debug */ = {
			isa = XCBuildConfiguration;
			buildSettings = {
				ALWAYS_SEARCH_USER_PATHS = NO;
				CLANG_ANALYZER_NONNULL = YES;
				CLANG_CXX_LANGUAGE_STANDARD = "gnu++0x";
				CLANG_CXX_LIBRARY = "libc++";
				CLANG_ENABLE_MODULES = YES;
				CLANG_ENABLE_OBJC_ARC = YES;
				CLANG_WARN_BOOL_CONVERSION = YES;
				CLANG_WARN_CONSTANT_CONVERSION = YES;
				CLANG_WARN_DIRECT_OBJC_ISA_USAGE = YES_ERROR;
				CLANG_WARN_DOCUMENTATION_COMMENTS = YES;
				CLANG_WARN_EMPTY_BODY = YES;
				CLANG_WARN_ENUM_CONVERSION = YES;
				CLANG_WARN_INFINITE_RECURSION = YES;
				CLANG_WARN_INT_CONVERSION = YES;
				CLANG_WARN_OBJC_ROOT_CLASS = YES_ERROR;
				CLANG_WARN_SUSPICIOUS_MOVE = YES;
				CLANG_WARN_UNREACHABLE_CODE = YES;
				CLANG_WARN__DUPLICATE_METHOD_MATCH = YES;
				"CODE_SIGN_IDENTITY[sdk=iphoneos*]" = "iPhone Developer";
				COPY_PHASE_STRIP = NO;
				DEBUG_INFORMATION_FORMAT = dwarf;
				ENABLE_STRICT_OBJC_MSGSEND = YES;
				ENABLE_TESTABILITY = YES;
				GCC_C_LANGUAGE_STANDARD = gnu99;
				GCC_DYNAMIC_NO_PIC = NO;
				GCC_NO_COMMON_BLOCKS = YES;
				GCC_OPTIMIZATION_LEVEL = 0;
				GCC_PREPROCESSOR_DEFINITIONS = (
					"DEBUG=1",
					"$(inherited)",
				);
				GCC_WARN_64_TO_32_BIT_CONVERSION = YES;
				GCC_WARN_ABOUT_RETURN_TYPE = YES_ERROR;
				GCC_WARN_UNDECLARED_SELECTOR = YES;
				GCC_WARN_UNINITIALIZED_AUTOS = YES_AGGRESSIVE;
				GCC_WARN_UNUSED_FUNCTION = YES;
				GCC_WARN_UNUSED_VARIABLE = YES;
				IPHONEOS_DEPLOYMENT_TARGET = 10.2;
				MTL_ENABLE_DEBUG_INFO = YES;
				ONLY_ACTIVE_ARCH = YES;
				SDKROOT = iphoneos;
				SWIFT_ACTIVE_COMPILATION_CONDITIONS = DEBUG;
				SWIFT_OPTIMIZATION_LEVEL = "-Onone";
			};
			name = Debug;
		};
		C9D9AEB31E6834AE008C5067 /* Release */ = {
			isa = XCBuildConfiguration;
			buildSettings = {
				ALWAYS_SEARCH_USER_PATHS = NO;
				CLANG_ANALYZER_NONNULL = YES;
				CLANG_CXX_LANGUAGE_STANDARD = "gnu++0x";
				CLANG_CXX_LIBRARY = "libc++";
				CLANG_ENABLE_MODULES = YES;
				CLANG_ENABLE_OBJC_ARC = YES;
				CLANG_WARN_BOOL_CONVERSION = YES;
				CLANG_WARN_CONSTANT_CONVERSION = YES;
				CLANG_WARN_DIRECT_OBJC_ISA_USAGE = YES_ERROR;
				CLANG_WARN_DOCUMENTATION_COMMENTS = YES;
				CLANG_WARN_EMPTY_BODY = YES;
				CLANG_WARN_ENUM_CONVERSION = YES;
				CLANG_WARN_INFINITE_RECURSION = YES;
				CLANG_WARN_INT_CONVERSION = YES;
				CLANG_WARN_OBJC_ROOT_CLASS = YES_ERROR;
				CLANG_WARN_SUSPICIOUS_MOVE = YES;
				CLANG_WARN_UNREACHABLE_CODE = YES;
				CLANG_WARN__DUPLICATE_METHOD_MATCH = YES;
				"CODE_SIGN_IDENTITY[sdk=iphoneos*]" = "iPhone Developer";
				COPY_PHASE_STRIP = NO;
				DEBUG_INFORMATION_FORMAT = "dwarf-with-dsym";
				ENABLE_NS_ASSERTIONS = NO;
				ENABLE_STRICT_OBJC_MSGSEND = YES;
				GCC_C_LANGUAGE_STANDARD = gnu99;
				GCC_NO_COMMON_BLOCKS = YES;
				GCC_WARN_64_TO_32_BIT_CONVERSION = YES;
				GCC_WARN_ABOUT_RETURN_TYPE = YES_ERROR;
				GCC_WARN_UNDECLARED_SELECTOR = YES;
				GCC_WARN_UNINITIALIZED_AUTOS = YES_AGGRESSIVE;
				GCC_WARN_UNUSED_FUNCTION = YES;
				GCC_WARN_UNUSED_VARIABLE = YES;
				IPHONEOS_DEPLOYMENT_TARGET = 10.2;
				MTL_ENABLE_DEBUG_INFO = NO;
				SDKROOT = iphoneos;
				SWIFT_OPTIMIZATION_LEVEL = "-Owholemodule";
				VALIDATE_PRODUCT = YES;
			};
			name = Release;
		};
		C9D9AEB51E6834AE008C5067 /* Debug */ = {
			isa = XCBuildConfiguration;
			baseConfigurationReference = 1B26184F95EE897AF285E298 /* Pods-CartographyDemos.debug.xcconfig */;
			buildSettings = {
				ASSETCATALOG_COMPILER_APPICON_NAME = AppIcon;
				DEVELOPMENT_TEAM = R6USV66H63;
				INFOPLIST_FILE = CartographyDemos/Info.plist;
				LD_RUNPATH_SEARCH_PATHS = "$(inherited) @executable_path/Frameworks";
				PRODUCT_BUNDLE_IDENTIFIER = com.shingohry.CartographyDemos;
				PRODUCT_NAME = "$(TARGET_NAME)";
				SWIFT_VERSION = 3.0;
			};
			name = Debug;
		};
		C9D9AEB61E6834AE008C5067 /* Release */ = {
			isa = XCBuildConfiguration;
			baseConfigurationReference = A12228D47C236888D71252E5 /* Pods-CartographyDemos.release.xcconfig */;
			buildSettings = {
				ASSETCATALOG_COMPILER_APPICON_NAME = AppIcon;
				DEVELOPMENT_TEAM = R6USV66H63;
				INFOPLIST_FILE = CartographyDemos/Info.plist;
				LD_RUNPATH_SEARCH_PATHS = "$(inherited) @executable_path/Frameworks";
				PRODUCT_BUNDLE_IDENTIFIER = com.shingohry.CartographyDemos;
				PRODUCT_NAME = "$(TARGET_NAME)";
				SWIFT_VERSION = 3.0;
			};
			name = Release;
		};
/* End XCBuildConfiguration section */

/* Begin XCConfigurationList section */
		C9D9AE9D1E6834AE008C5067 /* Build configuration list for PBXProject "CartographyDemos" */ = {
			isa = XCConfigurationList;
			buildConfigurations = (
				C9D9AEB21E6834AE008C5067 /* Debug */,
				C9D9AEB31E6834AE008C5067 /* Release */,
			);
			defaultConfigurationIsVisible = 0;
			defaultConfigurationName = Release;
		};
		C9D9AEB41E6834AE008C5067 /* Build configuration list for PBXNativeTarget "CartographyDemos" */ = {
			isa = XCConfigurationList;
			buildConfigurations = (
				C9D9AEB51E6834AE008C5067 /* Debug */,
				C9D9AEB61E6834AE008C5067 /* Release */,
			);
			defaultConfigurationIsVisible = 0;
			defaultConfigurationName = Release;
		};
/* End XCConfigurationList section */
	};
	rootObject = C9D9AE9A1E6834AE008C5067 /* Project object */;
}
